// !$*UTF8*$!
{
	archiveVersion = 1;
	classes = {
	};
	objectVersion = 45;
	objects = {

/* Begin PBXBuildFile section */
		44097175107E142000043EE2 /* tool_main.c in Sources */ = {isa = PBXBuildFile; fileRef = 440970E9107B94AE00043EE2 /* tool_main.c */; };
		44097176107E142000043EE2 /* macdisktool.c in Sources */ = {isa = PBXBuildFile; fileRef = 44097169107DEC2A00043EE2 /* macdisktool.c */; };
		44097177107E142000043EE2 /* server.c in Sources */ = {isa = PBXBuildFile; fileRef = 440970EA107B94AE00043EE2 /* server.c */; };
		44097178107E142500043EE2 /* Security.framework in Frameworks */ = {isa = PBXBuildFile; fileRef = 440970A2107B742900043EE2 /* Security.framework */; };
		44097213107E563700043EE2 /* CoreFoundation.framework in Frameworks */ = {isa = PBXBuildFile; fileRef = 44352A55106253CE00EA346F /* CoreFoundation.framework */; };
		442D58F2107542C800B05682 /* ScanWindow.xib in Resources */ = {isa = PBXBuildFile; fileRef = 442D58F1107542C800B05682 /* ScanWindow.xib */; };
		442D593A1075FD9400B05682 /* TWTimeIntervalFormatter.m in Sources */ = {isa = PBXBuildFile; fileRef = 442D59391075FD9400B05682 /* TWTimeIntervalFormatter.m */; };
		444B752C1056BA46003AB02B /* TWSurfaceScanOperation.m in Sources */ = {isa = PBXBuildFile; fileRef = 444B752B1056BA46003AB02B /* TWSurfaceScanOperation.m */; };
		444B754B1056CD1D003AB02B /* TWReadOnlySurfaceScanOperation.m in Sources */ = {isa = PBXBuildFile; fileRef = 444B754A1056CD1D003AB02B /* TWReadOnlySurfaceScanOperation.m */; };
		44A038EF0F6E9EF400974860 /* SecurityFoundation.framework in Frameworks */ = {isa = PBXBuildFile; fileRef = 44A038EE0F6E9EF400974860 /* SecurityFoundation.framework */; };
		44D5A333106AB9760062CB5B /* TWBlockView.m in Sources */ = {isa = PBXBuildFile; fileRef = 44D5A332106AB9760062CB5B /* TWBlockView.m */; };
		44DCBD821099916E0074FACA /* IOKit.framework in Frameworks */ = {isa = PBXBuildFile; fileRef = 44E7CC890F54842E00916711 /* IOKit.framework */; };
		44E5AAE910583BD00035C0C7 /* TWSurfaceScanController.m in Sources */ = {isa = PBXBuildFile; fileRef = 44E5AAE810583BD00035C0C7 /* TWSurfaceScanController.m */; };
		44E7CC760F54838700916711 /* RSVerticallyCenteredTextFieldCell.m in Sources */ = {isa = PBXBuildFile; fileRef = 44E7CC6E0F54838700916711 /* RSVerticallyCenteredTextFieldCell.m */; };
		44E7CC770F54838700916711 /* TWDevice.m in Sources */ = {isa = PBXBuildFile; fileRef = 44E7CC710F54838700916711 /* TWDevice.m */; };
		44E7CC780F54838700916711 /* AppController.m in Sources */ = {isa = PBXBuildFile; fileRef = 44E7CC730F54838700916711 /* AppController.m */; };
		44E7CC790F54838700916711 /* TWStorageSizeFormatter.m in Sources */ = {isa = PBXBuildFile; fileRef = 44E7CC750F54838700916711 /* TWStorageSizeFormatter.m */; };
		44E7CC8A0F54842E00916711 /* IOKit.framework in Frameworks */ = {isa = PBXBuildFile; fileRef = 44E7CC890F54842E00916711 /* IOKit.framework */; };
		44E7CC8D0F54848E00916711 /* MainMenu.xib in Resources */ = {isa = PBXBuildFile; fileRef = 44E7CC8B0F54848E00916711 /* MainMenu.xib */; };
		8D11072B0486CEB800E47090 /* InfoPlist.strings in Resources */ = {isa = PBXBuildFile; fileRef = 089C165CFE840E0CC02AAC07 /* InfoPlist.strings */; };
		8D11072D0486CEB800E47090 /* main.m in Sources */ = {isa = PBXBuildFile; fileRef = 29B97316FDCFA39411CA2CEA /* main.m */; settings = {ATTRIBUTES = (); }; };
		8D11072F0486CEB800E47090 /* Cocoa.framework in Frameworks */ = {isa = PBXBuildFile; fileRef = 1058C7A1FEA54F0111CA2CBB /* Cocoa.framework */; };
		FE5731D30F557C0300DD1E72 /* MacDiskTool.icns in Resources */ = {isa = PBXBuildFile; fileRef = FE5731D20F557C0300DD1E72 /* MacDiskTool.icns */; };
/* End PBXBuildFile section */

/* Begin PBXContainerItemProxy section */
		441F2FC7108A6FB8009AD2D3 /* PBXContainerItemProxy */ = {
			isa = PBXContainerItemProxy;
			containerPortal = 29B97313FDCFA39411CA2CEA /* Project object */;
			proxyType = 1;
			remoteGlobalIDString = 4409716F107E13F100043EE2;
			remoteInfo = macdisktool;
		};
/* End PBXContainerItemProxy section */

/* Begin PBXFileReference section */
		089C165DFE840E0CC02AAC07 /* English */ = {isa = PBXFileReference; fileEncoding = 10; lastKnownFileType = text.plist.strings; name = English; path = English.lproj/InfoPlist.strings; sourceTree = "<group>"; };
		1058C7A1FEA54F0111CA2CBB /* Cocoa.framework */ = {isa = PBXFileReference; lastKnownFileType = wrapper.framework; name = Cocoa.framework; path = /System/Library/Frameworks/Cocoa.framework; sourceTree = "<absolute>"; };
		13E42FB307B3F0F600E4EEF1 /* CoreData.framework */ = {isa = PBXFileReference; lastKnownFileType = wrapper.framework; name = CoreData.framework; path = /System/Library/Frameworks/CoreData.framework; sourceTree = "<absolute>"; };
		29B97316FDCFA39411CA2CEA /* main.m */ = {isa = PBXFileReference; fileEncoding = 4; lastKnownFileType = sourcecode.c.objc; path = main.m; sourceTree = "<group>"; };
		29B97324FDCFA39411CA2CEA /* AppKit.framework */ = {isa = PBXFileReference; lastKnownFileType = wrapper.framework; name = AppKit.framework; path = /System/Library/Frameworks/AppKit.framework; sourceTree = "<absolute>"; };
		29B97325FDCFA39411CA2CEA /* Foundation.framework */ = {isa = PBXFileReference; lastKnownFileType = wrapper.framework; name = Foundation.framework; path = /System/Library/Frameworks/Foundation.framework; sourceTree = "<absolute>"; };
		32CA4F630368D1EE00C91783 /* MacDiskTool_Prefix.pch */ = {isa = PBXFileReference; fileEncoding = 4; lastKnownFileType = sourcecode.c.h; path = MacDiskTool_Prefix.pch; sourceTree = "<group>"; };
		440970A2107B742900043EE2 /* Security.framework */ = {isa = PBXFileReference; lastKnownFileType = wrapper.framework; name = Security.framework; path = System/Library/Frameworks/Security.framework; sourceTree = SDKROOT; };
		440970E8107B94AE00043EE2 /* ch.troubleware.MacDiskToolHelper.plist */ = {isa = PBXFileReference; fileEncoding = 4; lastKnownFileType = text.plist.xml; path = ch.troubleware.MacDiskToolHelper.plist; sourceTree = "<group>"; };
		440970E9107B94AE00043EE2 /* tool_main.c */ = {isa = PBXFileReference; fileEncoding = 4; lastKnownFileType = sourcecode.c.c; path = tool_main.c; sourceTree = "<group>"; };
		440970EA107B94AE00043EE2 /* server.c */ = {isa = PBXFileReference; fileEncoding = 4; lastKnownFileType = sourcecode.c.c; path = server.c; sourceTree = "<group>"; };
		440970EB107B94AE00043EE2 /* server.h */ = {isa = PBXFileReference; fileEncoding = 4; lastKnownFileType = sourcecode.c.h; path = server.h; sourceTree = "<group>"; };
		44097168107DEC2A00043EE2 /* macdisktool.h */ = {isa = PBXFileReference; fileEncoding = 4; lastKnownFileType = sourcecode.c.h; path = macdisktool.h; sourceTree = "<group>"; };
		44097169107DEC2A00043EE2 /* macdisktool.c */ = {isa = PBXFileReference; fileEncoding = 4; lastKnownFileType = sourcecode.c.c; path = macdisktool.c; sourceTree = "<group>"; };
		44097170107E13F100043EE2 /* macdisktool */ = {isa = PBXFileReference; explicitFileType = "compiled.mach-o.executable"; includeInIndex = 0; path = macdisktool; sourceTree = BUILT_PRODUCTS_DIR; };
		442D59381075FD9400B05682 /* TWTimeIntervalFormatter.h */ = {isa = PBXFileReference; fileEncoding = 4; lastKnownFileType = sourcecode.c.h; path = TWTimeIntervalFormatter.h; sourceTree = "<group>"; };
		442D59391075FD9400B05682 /* TWTimeIntervalFormatter.m */ = {isa = PBXFileReference; fileEncoding = 4; lastKnownFileType = sourcecode.c.objc; path = TWTimeIntervalFormatter.m; sourceTree = "<group>"; };
		44352A55106253CE00EA346F /* CoreFoundation.framework */ = {isa = PBXFileReference; lastKnownFileType = wrapper.framework; name = CoreFoundation.framework; path = /System/Library/Frameworks/CoreFoundation.framework; sourceTree = "<absolute>"; };
		44354DD80F560B7E0046D4C7 /* English */ = {isa = PBXFileReference; lastKnownFileType = file.xib; name = English; path = English.lproj/ScanWindow.xib; sourceTree = "<group>"; };
		444B752A1056BA46003AB02B /* TWSurfaceScanOperation.h */ = {isa = PBXFileReference; fileEncoding = 4; lastKnownFileType = sourcecode.c.h; path = TWSurfaceScanOperation.h; sourceTree = "<group>"; };
		444B752B1056BA46003AB02B /* TWSurfaceScanOperation.m */ = {isa = PBXFileReference; fileEncoding = 4; lastKnownFileType = sourcecode.c.objc; path = TWSurfaceScanOperation.m; sourceTree = "<group>"; };
		444B75491056CD1D003AB02B /* TWReadOnlySurfaceScanOperation.h */ = {isa = PBXFileReference; fileEncoding = 4; lastKnownFileType = sourcecode.c.h; path = TWReadOnlySurfaceScanOperation.h; sourceTree = "<group>"; };
		444B754A1056CD1D003AB02B /* TWReadOnlySurfaceScanOperation.m */ = {isa = PBXFileReference; fileEncoding = 4; lastKnownFileType = sourcecode.c.objc; path = TWReadOnlySurfaceScanOperation.m; sourceTree = "<group>"; };
		44A038EE0F6E9EF400974860 /* SecurityFoundation.framework */ = {isa = PBXFileReference; lastKnownFileType = wrapper.framework; name = SecurityFoundation.framework; path = /System/Library/Frameworks/SecurityFoundation.framework; sourceTree = "<absolute>"; };
		44D5A331106AB9760062CB5B /* TWBlockView.h */ = {isa = PBXFileReference; fileEncoding = 4; lastKnownFileType = sourcecode.c.h; path = TWBlockView.h; sourceTree = "<group>"; };
		44D5A332106AB9760062CB5B /* TWBlockView.m */ = {isa = PBXFileReference; fileEncoding = 4; lastKnownFileType = sourcecode.c.objc; path = TWBlockView.m; sourceTree = "<group>"; };
		44E5AAE710583BD00035C0C7 /* TWSurfaceScanController.h */ = {isa = PBXFileReference; fileEncoding = 4; lastKnownFileType = sourcecode.c.h; path = TWSurfaceScanController.h; sourceTree = "<group>"; };
		44E5AAE810583BD00035C0C7 /* TWSurfaceScanController.m */ = {isa = PBXFileReference; fileEncoding = 4; lastKnownFileType = sourcecode.c.objc; path = TWSurfaceScanController.m; sourceTree = "<group>"; };
		44E7CC6E0F54838700916711 /* RSVerticallyCenteredTextFieldCell.m */ = {isa = PBXFileReference; fileEncoding = 4; lastKnownFileType = sourcecode.c.objc; path = RSVerticallyCenteredTextFieldCell.m; sourceTree = "<group>"; };
		44E7CC6F0F54838700916711 /* RSVerticallyCenteredTextFieldCell.h */ = {isa = PBXFileReference; fileEncoding = 4; lastKnownFileType = sourcecode.c.h; path = RSVerticallyCenteredTextFieldCell.h; sourceTree = "<group>"; };
		44E7CC700F54838700916711 /* TWDevice.h */ = {isa = PBXFileReference; fileEncoding = 4; lastKnownFileType = sourcecode.c.h; path = TWDevice.h; sourceTree = "<group>"; };
		44E7CC710F54838700916711 /* TWDevice.m */ = {isa = PBXFileReference; fileEncoding = 4; lastKnownFileType = sourcecode.c.objc; path = TWDevice.m; sourceTree = "<group>"; };
		44E7CC720F54838700916711 /* AppController.h */ = {isa = PBXFileReference; fileEncoding = 4; lastKnownFileType = sourcecode.c.h; path = AppController.h; sourceTree = "<group>"; };
		44E7CC730F54838700916711 /* AppController.m */ = {isa = PBXFileReference; fileEncoding = 4; lastKnownFileType = sourcecode.c.objc; path = AppController.m; sourceTree = "<group>"; };
		44E7CC740F54838700916711 /* TWStorageSizeFormatter.h */ = {isa = PBXFileReference; fileEncoding = 4; lastKnownFileType = sourcecode.c.h; path = TWStorageSizeFormatter.h; sourceTree = "<group>"; };
		44E7CC750F54838700916711 /* TWStorageSizeFormatter.m */ = {isa = PBXFileReference; fileEncoding = 4; lastKnownFileType = sourcecode.c.objc; path = TWStorageSizeFormatter.m; sourceTree = "<group>"; };
		44E7CC890F54842E00916711 /* IOKit.framework */ = {isa = PBXFileReference; lastKnownFileType = wrapper.framework; name = IOKit.framework; path = /System/Library/Frameworks/IOKit.framework; sourceTree = "<absolute>"; };
		44E7CC8C0F54848E00916711 /* English */ = {isa = PBXFileReference; lastKnownFileType = file.xib; name = English; path = English.lproj/MainMenu.xib; sourceTree = "<group>"; };
		8D1107310486CEB800E47090 /* Info.plist */ = {isa = PBXFileReference; fileEncoding = 4; lastKnownFileType = text.plist.xml; path = Info.plist; sourceTree = "<group>"; };
		8D1107320486CEB800E47090 /* MacDiskTool.app */ = {isa = PBXFileReference; explicitFileType = wrapper.application; includeInIndex = 0; path = MacDiskTool.app; sourceTree = BUILT_PRODUCTS_DIR; };
		FE5731D20F557C0300DD1E72 /* MacDiskTool.icns */ = {isa = PBXFileReference; lastKnownFileType = image.icns; path = MacDiskTool.icns; sourceTree = "<group>"; };
/* End PBXFileReference section */

/* Begin PBXFrameworksBuildPhase section */
		4409716E107E13F100043EE2 /* Frameworks */ = {
			isa = PBXFrameworksBuildPhase;
			buildActionMask = 2147483647;
			files = (
				44DCBD821099916E0074FACA /* IOKit.framework in Frameworks */,
				44097213107E563700043EE2 /* CoreFoundation.framework in Frameworks */,
				44097178107E142500043EE2 /* Security.framework in Frameworks */,
			);
			runOnlyForDeploymentPostprocessing = 0;
		};
		8D11072E0486CEB800E47090 /* Frameworks */ = {
			isa = PBXFrameworksBuildPhase;
			buildActionMask = 2147483647;
			files = (
				8D11072F0486CEB800E47090 /* Cocoa.framework in Frameworks */,
				44E7CC8A0F54842E00916711 /* IOKit.framework in Frameworks */,
				44A038EF0F6E9EF400974860 /* SecurityFoundation.framework in Frameworks */,
			);
			runOnlyForDeploymentPostprocessing = 0;
		};
/* End PBXFrameworksBuildPhase section */

/* Begin PBXGroup section */
		080E96DDFE201D6D7F000001 /* Classes */ = {
			isa = PBXGroup;
			children = (
				442D59381075FD9400B05682 /* TWTimeIntervalFormatter.h */,
				442D59391075FD9400B05682 /* TWTimeIntervalFormatter.m */,
				44D5A331106AB9760062CB5B /* TWBlockView.h */,
				44D5A332106AB9760062CB5B /* TWBlockView.m */,
				44E7CC6E0F54838700916711 /* RSVerticallyCenteredTextFieldCell.m */,
				44E7CC6F0F54838700916711 /* RSVerticallyCenteredTextFieldCell.h */,
				44E7CC700F54838700916711 /* TWDevice.h */,
				44E7CC710F54838700916711 /* TWDevice.m */,
				44E5AAE710583BD00035C0C7 /* TWSurfaceScanController.h */,
				44E5AAE810583BD00035C0C7 /* TWSurfaceScanController.m */,
				444B752A1056BA46003AB02B /* TWSurfaceScanOperation.h */,
				444B752B1056BA46003AB02B /* TWSurfaceScanOperation.m */,
				444B75491056CD1D003AB02B /* TWReadOnlySurfaceScanOperation.h */,
				444B754A1056CD1D003AB02B /* TWReadOnlySurfaceScanOperation.m */,
				44E7CC720F54838700916711 /* AppController.h */,
				44E7CC730F54838700916711 /* AppController.m */,
				44E7CC740F54838700916711 /* TWStorageSizeFormatter.h */,
				44E7CC750F54838700916711 /* TWStorageSizeFormatter.m */,
			);
			name = Classes;
			sourceTree = "<group>";
		};
		1058C7A0FEA54F0111CA2CBB /* Linked Frameworks */ = {
			isa = PBXGroup;
			children = (
				440970A2107B742900043EE2 /* Security.framework */,
				44352A55106253CE00EA346F /* CoreFoundation.framework */,
				44A038EE0F6E9EF400974860 /* SecurityFoundation.framework */,
				44E7CC890F54842E00916711 /* IOKit.framework */,
				1058C7A1FEA54F0111CA2CBB /* Cocoa.framework */,
			);
			name = "Linked Frameworks";
			sourceTree = "<group>";
		};
		1058C7A2FEA54F0111CA2CBB /* Other Frameworks */ = {
			isa = PBXGroup;
			children = (
				29B97324FDCFA39411CA2CEA /* AppKit.framework */,
				13E42FB307B3F0F600E4EEF1 /* CoreData.framework */,
				29B97325FDCFA39411CA2CEA /* Foundation.framework */,
			);
			name = "Other Frameworks";
			sourceTree = "<group>";
		};
		19C28FACFE9D520D11CA2CBB /* Products */ = {
			isa = PBXGroup;
			children = (
				8D1107320486CEB800E47090 /* MacDiskTool.app */,
				44097170107E13F100043EE2 /* macdisktool */,
			);
			name = Products;
			sourceTree = "<group>";
		};
		29B97314FDCFA39411CA2CEA /* MacDiskTool */ = {
			isa = PBXGroup;
			children = (
				440970E7107B94AE00043EE2 /* tool */,
				080E96DDFE201D6D7F000001 /* Classes */,
				29B97315FDCFA39411CA2CEA /* Other Sources */,
				29B97317FDCFA39411CA2CEA /* Resources */,
				29B97323FDCFA39411CA2CEA /* Frameworks */,
				19C28FACFE9D520D11CA2CBB /* Products */,
			);
			name = MacDiskTool;
			sourceTree = "<group>";
		};
		29B97315FDCFA39411CA2CEA /* Other Sources */ = {
			isa = PBXGroup;
			children = (
				32CA4F630368D1EE00C91783 /* MacDiskTool_Prefix.pch */,
				29B97316FDCFA39411CA2CEA /* main.m */,
			);
			name = "Other Sources";
			sourceTree = "<group>";
		};
		29B97317FDCFA39411CA2CEA /* Resources */ = {
			isa = PBXGroup;
			children = (
				442D58F1107542C800B05682 /* ScanWindow.xib */,
				FE5731D20F557C0300DD1E72 /* MacDiskTool.icns */,
				8D1107310486CEB800E47090 /* Info.plist */,
				089C165CFE840E0CC02AAC07 /* InfoPlist.strings */,
				44E7CC8B0F54848E00916711 /* MainMenu.xib */,
			);
			name = Resources;
			sourceTree = "<group>";
		};
		29B97323FDCFA39411CA2CEA /* Frameworks */ = {
			isa = PBXGroup;
			children = (
				1058C7A0FEA54F0111CA2CBB /* Linked Frameworks */,
				1058C7A2FEA54F0111CA2CBB /* Other Frameworks */,
			);
			name = Frameworks;
			sourceTree = "<group>";
		};
		440970E7107B94AE00043EE2 /* tool */ = {
			isa = PBXGroup;
			children = (
				440970E8107B94AE00043EE2 /* ch.troubleware.MacDiskToolHelper.plist */,
				440970E9107B94AE00043EE2 /* tool_main.c */,
				44097168107DEC2A00043EE2 /* macdisktool.h */,
				44097169107DEC2A00043EE2 /* macdisktool.c */,
				440970EB107B94AE00043EE2 /* server.h */,
				440970EA107B94AE00043EE2 /* server.c */,
			);
			path = tool;
			sourceTree = "<group>";
		};
/* End PBXGroup section */

/* Begin PBXNativeTarget section */
		4409716F107E13F100043EE2 /* macdisktool */ = {
			isa = PBXNativeTarget;
			buildConfigurationList = 44097174107E141A00043EE2 /* Build configuration list for PBXNativeTarget "macdisktool" */;
			buildPhases = (
				4409716D107E13F100043EE2 /* Sources */,
				4409716E107E13F100043EE2 /* Frameworks */,
			);
			buildRules = (
			);
			dependencies = (
			);
			name = macdisktool;
			productName = macdisktool;
			productReference = 44097170107E13F100043EE2 /* macdisktool */;
			productType = "com.apple.product-type.tool";
		};
		8D1107260486CEB800E47090 /* MacDiskTool */ = {
			isa = PBXNativeTarget;
			buildConfigurationList = C01FCF4A08A954540054247B /* Build configuration list for PBXNativeTarget "MacDiskTool" */;
			buildPhases = (
				8D1107290486CEB800E47090 /* Resources */,
				8D11072C0486CEB800E47090 /* Sources */,
				8D11072E0486CEB800E47090 /* Frameworks */,
			);
			buildRules = (
			);
			dependencies = (
				441F2FC8108A6FB8009AD2D3 /* PBXTargetDependency */,
			);
			name = MacDiskTool;
			productInstallPath = "$(HOME)/Applications";
			productName = MacDiskTool;
			productReference = 8D1107320486CEB800E47090 /* MacDiskTool.app */;
			productType = "com.apple.product-type.application";
		};
/* End PBXNativeTarget section */

/* Begin PBXProject section */
		29B97313FDCFA39411CA2CEA /* Project object */ = {
			isa = PBXProject;
			buildConfigurationList = C01FCF4E08A954540054247B /* Build configuration list for PBXProject "MacDiskTool" */;
			compatibilityVersion = "Xcode 3.1";
			hasScannedForEncodings = 1;
			mainGroup = 29B97314FDCFA39411CA2CEA /* MacDiskTool */;
			projectDirPath = "";
			projectRoot = "";
			targets = (
				8D1107260486CEB800E47090 /* MacDiskTool */,
				4409716F107E13F100043EE2 /* macdisktool */,
			);
		};
/* End PBXProject section */

/* Begin PBXResourcesBuildPhase section */
		8D1107290486CEB800E47090 /* Resources */ = {
			isa = PBXResourcesBuildPhase;
			buildActionMask = 2147483647;
			files = (
				8D11072B0486CEB800E47090 /* InfoPlist.strings in Resources */,
				44E7CC8D0F54848E00916711 /* MainMenu.xib in Resources */,
				FE5731D30F557C0300DD1E72 /* MacDiskTool.icns in Resources */,
				442D58F2107542C800B05682 /* ScanWindow.xib in Resources */,
			);
			runOnlyForDeploymentPostprocessing = 0;
		};
/* End PBXResourcesBuildPhase section */

/* Begin PBXSourcesBuildPhase section */
		4409716D107E13F100043EE2 /* Sources */ = {
			isa = PBXSourcesBuildPhase;
			buildActionMask = 2147483647;
			files = (
				44097175107E142000043EE2 /* tool_main.c in Sources */,
				44097176107E142000043EE2 /* macdisktool.c in Sources */,
				44097177107E142000043EE2 /* server.c in Sources */,
			);
			runOnlyForDeploymentPostprocessing = 0;
		};
		8D11072C0486CEB800E47090 /* Sources */ = {
			isa = PBXSourcesBuildPhase;
			buildActionMask = 2147483647;
			files = (
				8D11072D0486CEB800E47090 /* main.m in Sources */,
				44E7CC760F54838700916711 /* RSVerticallyCenteredTextFieldCell.m in Sources */,
				44E7CC770F54838700916711 /* TWDevice.m in Sources */,
				44E7CC780F54838700916711 /* AppController.m in Sources */,
				44E7CC790F54838700916711 /* TWStorageSizeFormatter.m in Sources */,
				444B752C1056BA46003AB02B /* TWSurfaceScanOperation.m in Sources */,
				444B754B1056CD1D003AB02B /* TWReadOnlySurfaceScanOperation.m in Sources */,
				44E5AAE910583BD00035C0C7 /* TWSurfaceScanController.m in Sources */,
				44D5A333106AB9760062CB5B /* TWBlockView.m in Sources */,
				442D593A1075FD9400B05682 /* TWTimeIntervalFormatter.m in Sources */,
			);
			runOnlyForDeploymentPostprocessing = 0;
		};
/* End PBXSourcesBuildPhase section */

/* Begin PBXTargetDependency section */
		441F2FC8108A6FB8009AD2D3 /* PBXTargetDependency */ = {
			isa = PBXTargetDependency;
			target = 4409716F107E13F100043EE2 /* macdisktool */;
			targetProxy = 441F2FC7108A6FB8009AD2D3 /* PBXContainerItemProxy */;
		};
/* End PBXTargetDependency section */

/* Begin PBXVariantGroup section */
		089C165CFE840E0CC02AAC07 /* InfoPlist.strings */ = {
			isa = PBXVariantGroup;
			children = (
				089C165DFE840E0CC02AAC07 /* English */,
			);
			name = InfoPlist.strings;
			sourceTree = "<group>";
		};
		442D58F1107542C800B05682 /* ScanWindow.xib */ = {
			isa = PBXVariantGroup;
			children = (
				44354DD80F560B7E0046D4C7 /* English */,
			);
			name = ScanWindow.xib;
			sourceTree = "<group>";
		};
		44E7CC8B0F54848E00916711 /* MainMenu.xib */ = {
			isa = PBXVariantGroup;
			children = (
				44E7CC8C0F54848E00916711 /* English */,
			);
			name = MainMenu.xib;
			sourceTree = "<group>";
		};
/* End PBXVariantGroup section */

/* Begin XCBuildConfiguration section */
		44097172107E13F600043EE2 /* Debug */ = {
			isa = XCBuildConfiguration;
			buildSettings = {
				ALWAYS_SEARCH_USER_PATHS = NO;
				COPY_PHASE_STRIP = NO;
				GCC_DYNAMIC_NO_PIC = NO;
				GCC_ENABLE_FIX_AND_CONTINUE = YES;
				GCC_MODEL_TUNING = G5;
				GCC_OPTIMIZATION_LEVEL = 0;
				INSTALL_PATH = /usr/local/bin;
				PREBINDING = NO;
				PRODUCT_NAME = macdisktool;
			};
			name = Debug;
		};
		44097173107E13F600043EE2 /* Release */ = {
			isa = XCBuildConfiguration;
			buildSettings = {
				ALWAYS_SEARCH_USER_PATHS = NO;
				COPY_PHASE_STRIP = YES;
				DEBUG_INFORMATION_FORMAT = "dwarf-with-dsym";
				GCC_ENABLE_FIX_AND_CONTINUE = NO;
				GCC_MODEL_TUNING = G5;
				INSTALL_PATH = /usr/local/bin;
				PREBINDING = NO;
				PRODUCT_NAME = macdisktool;
				ZERO_LINK = NO;
			};
			name = Release;
		};
		C01FCF4B08A954540054247B /* Debug */ = {
			isa = XCBuildConfiguration;
			buildSettings = {
				ALWAYS_SEARCH_USER_PATHS = NO;
				COPY_PHASE_STRIP = NO;
				GCC_DYNAMIC_NO_PIC = NO;
				GCC_ENABLE_FIX_AND_CONTINUE = YES;
				GCC_MODEL_TUNING = G5;
				GCC_OPTIMIZATION_LEVEL = 0;
				GCC_PRECOMPILE_PREFIX_HEADER = YES;
				GCC_PREFIX_HEADER = MacDiskTool_Prefix.pch;
				INFOPLIST_FILE = Info.plist;
				INSTALL_PATH = "$(HOME)/Applications";
				PRODUCT_NAME = MacDiskTool;
			};
			name = Debug;
		};
		C01FCF4C08A954540054247B /* Release */ = {
			isa = XCBuildConfiguration;
			buildSettings = {
				ALWAYS_SEARCH_USER_PATHS = NO;
				DEBUG_INFORMATION_FORMAT = "dwarf-with-dsym";
				GCC_MODEL_TUNING = G5;
				GCC_PRECOMPILE_PREFIX_HEADER = YES;
				GCC_PREFIX_HEADER = MacDiskTool_Prefix.pch;
				INFOPLIST_FILE = Info.plist;
				INSTALL_PATH = "$(HOME)/Applications";
				PRODUCT_NAME = MacDiskTool;
			};
			name = Release;
		};
		C01FCF4F08A954540054247B /* Debug */ = {
			isa = XCBuildConfiguration;
			buildSettings = {
				ARCHS = "$(ARCHS_STANDARD_32_BIT)";
				GCC_C_LANGUAGE_STANDARD = c99;
				GCC_OPTIMIZATION_LEVEL = 0;
				GCC_WARN_ABOUT_RETURN_TYPE = YES;
				GCC_WARN_UNUSED_VARIABLE = YES;
				ONLY_ACTIVE_ARCH = YES;
				PREBINDING = NO;
				SDKROOT = macosx10.5;
			};
			name = Debug;
		};
		C01FCF5008A954540054247B /* Release */ = {
			isa = XCBuildConfiguration;
			buildSettings = {
				ARCHS = "$(ARCHS_STANDARD_32_BIT)";
				GCC_C_LANGUAGE_STANDARD = c99;
				GCC_WARN_ABOUT_RETURN_TYPE = YES;
				GCC_WARN_UNUSED_VARIABLE = YES;
				PREBINDING = NO;
				SDKROOT = macosx10.5;
			};
			name = Release;
		};
/* End XCBuildConfiguration section */

/* Begin XCConfigurationList section */
		44097174107E141A00043EE2 /* Build configuration list for PBXNativeTarget "macdisktool" */ = {
			isa = XCConfigurationList;
			buildConfigurations = (
				44097172107E13F600043EE2 /* Debug */,
				44097173107E13F600043EE2 /* Release */,
			);
			defaultConfigurationIsVisible = 0;
			defaultConfigurationName = Release;
		};
		C01FCF4A08A954540054247B /* Build configuration list for PBXNativeTarget "MacDiskTool" */ = {
			isa = XCConfigurationList;
			buildConfigurations = (
				C01FCF4B08A954540054247B /* Debug */,
				C01FCF4C08A954540054247B /* Release */,
			);
			defaultConfigurationIsVisible = 0;
			defaultConfigurationName = Release;
		};
		C01FCF4E08A954540054247B /* Build configuration list for PBXProject "MacDiskTool" */ = {
			isa = XCConfigurationList;
			buildConfigurations = (
				C01FCF4F08A954540054247B /* Debug */,
				C01FCF5008A954540054247B /* Release */,
			);
			defaultConfigurationIsVisible = 0;
			defaultConfigurationName = Release;
		};
/* End XCConfigurationList section */
	};
	rootObject = 29B97313FDCFA39411CA2CEA /* Project object */;
}
